{
  "originHash" : "b2d5d464c240dd17475e9e8282ddca25477eaa091a1ec62e48d6e843174f1d75",
  "pins" : [
    {
      "identity" : "swiftdraw",
      "kind" : "remoteSourceControl",
      "location" : "https://github.com/swhitty/SwiftDraw",
      "state" : {
        "revision" : "776456051ea2b099343e18ed8a53fca9dd2e9807",
        "version" : "0.27.0"
      }
    }
  ],
  "version" : 3
}
